{
  "name": "@liqd-js/cloud",
  "version": "0.1.3",
  "lockfileVersion": 1,
  "requires": true,
  "dependencies": {
    "@liqd-js/client-jsonrpc": {
      "version": "0.0.3",
      "resolved": "https://registry.npmjs.org/@liqd-js/client-jsonrpc/-/client-jsonrpc-0.0.3.tgz",
      "integrity": "sha512-cYLvf86Qhf9F2NZfnl1Nvx0QNEVAX9ZCoDjmXhnc7H4BItXRca7m1aHFgRZBTMnhaDaIaDAj3Mbr1EX7p0+MIA==",
      "requires": {
        "@liqd-js/options": "^1.0.1",
        "@liqd-js/timed-promise": "^1.0.2",
        "@liqd-js/unique-id": "^1.0.0"
      }
    },
    "@liqd-js/ds-heap": {
      "version": "1.0.1",
      "resolved": "https://registry.npmjs.org/@liqd-js/ds-heap/-/ds-heap-1.0.1.tgz",
      "integrity": "sha512-9vHSLN82P3Np2wrDRQHebrQ6N8hwApAJSKJDXOijXGrlN7v/cv2ej6JZqGoqwb314mPtjQofJ2SJTcKS8YpQig=="
    },
    "@liqd-js/flow": {
      "version": "1.0.2",
      "resolved": "https://registry.npmjs.org/@liqd-js/flow/-/flow-1.0.2.tgz",
      "integrity": "sha512-UFJwx1t+jMAutGacdbELjBrxf4xVFA1+NGMXRyD6so1moj8NfoHxFbO6mjA6XWuDuVGjgCAYZ5PJNoTGpJDyoA=="
    },
    "@liqd-js/multibuffer": {
      "version": "1.0.2",
      "resolved": "https://registry.npmjs.org/@liqd-js/multibuffer/-/multibuffer-1.0.2.tgz",
      "integrity": "sha512-zt4Z7wopxKZABLGQroLs0Jl4+KX6Ll9FNlYCt+cJdEmqZ8wIU6QlqVgtyS7wSDMTDMmG7TPpy6wOCNtHIimAWw=="
    },
    "@liqd-js/options": {
      "version": "1.0.2",
      "resolved": "https://registry.npmjs.org/@liqd-js/options/-/options-1.0.2.tgz",
      "integrity": "sha512-59sUXr5KlTB07SKttRPJC++kCxbxkKyrBWzjhORpCm8k/DJpGC2JpCKBusNpNrRxSDyjimhjavFEhwKja9lHcQ=="
    },
    "@liqd-js/querystring": {
      "version": "1.0.0",
      "resolved": "https://registry.npmjs.org/@liqd-js/querystring/-/querystring-1.0.0.tgz",
      "integrity": "sha512-/K4dx3hB7U0pkkzq8PfJmbywtoGc+ZkXelxwX+tkedbwbaqziEem/3L1LAcp0aFlJROWf20ByYyOlfGyDv5Wlg=="
    },
    "@liqd-js/server": {
      "version": "0.0.1",
      "resolved": "https://registry.npmjs.org/@liqd-js/server/-/server-0.0.1.tgz",
      "integrity": "sha512-6e4M/sgxifad6TiCMb2cDqZFnf8u0FWw4KryoYPWQtME0e+38VWvkNwNc4hllGA6i4HDuI7XKyAJuvAbE9bBqQ==",
      "requires": {
        "@liqd-js/options": "^1.0.2",
        "@liqd-js/querystring": "^1.0.0",
        "@liqd-js/websocket": "^1.0.0"
      },
      "dependencies": {
        "@liqd-js/options": {
          "version": "1.0.2",
          "resolved": "https://registry.npmjs.org/@liqd-js/options/-/options-1.0.2.tgz",
          "integrity": "sha512-59sUXr5KlTB07SKttRPJC++kCxbxkKyrBWzjhORpCm8k/DJpGC2JpCKBusNpNrRxSDyjimhjavFEhwKja9lHcQ=="
        }
      }
    },
    "@liqd-js/timed-promise": {
      "version": "1.0.2",
      "resolved": "https://registry.npmjs.org/@liqd-js/timed-promise/-/timed-promise-1.0.2.tgz",
      "integrity": "sha512-IgqgeMFOJxdmGpKOsruwUtE2D/kMjCOVeiL6/z/q8TZHaWLDzBkMMDTFMknwmZGega8mkLHFM2t4HLGYWCm8Rg=="
    },
    "@liqd-js/timer": {
      "version": "1.0.1",
      "resolved": "https://registry.npmjs.org/@liqd-js/timer/-/timer-1.0.1.tgz",
      "integrity": "sha512-ZefFi4XORbEx7AYZ8ToZ5NfWyMsFwfYUniHrMALHs0A4wauGtiIaVQWlSBxjEm8d9X8vyBizZjmU05zAx8kqqw==",
      "requires": {
        "@liqd-js/ds-heap": "^1.0.1"
      }
    },
    "@liqd-js/unique-id": {
      "version": "1.0.0",
      "resolved": "https://registry.npmjs.org/@liqd-js/unique-id/-/unique-id-1.0.0.tgz",
      "integrity": "sha512-D4G+FVoHqgObN4+p8YMscQOFVOjsJwxVr+SwItAlZsoU+6NKRMEM43MAz11AfC6Cry/ojlbh8GucHiF9SKZGrg==",
      "requires": {
        "@liqd-js/options": "^1.0.1"
      }
    },
    "@liqd-js/websocket": {
      "version": "1.0.0",
      "resolved": "https://registry.npmjs.org/@liqd-js/websocket/-/websocket-1.0.0.tgz",
      "integrity": "sha512-CJFTL/fJtIWrl/uoVSMk1dqjMK9InbcXuXCaeOxLhVTL6Ju+l2L3ejYBC4G5EyGjR70ag0S85sZXXpxaobD9cQ==",
      "requires": {
        "@liqd-js/multibuffer": "^1.0.2",
        "@liqd-js/options": "^1.0.1",
        "@liqd-js/querystring": "^1.0.0",
        "@liqd-js/timer": "^1.0.1"
      }
    },
    "bignumber.js": {
      "version": "9.0.0",
      "resolved": "https://registry.npmjs.org/bignumber.js/-/bignumber.js-9.0.0.tgz",
      "integrity": "sha512-t/OYhhJ2SD+YGBQcjY8GzzDHEk9f3nerxjtfa6tlMXfe7frs/WozhvCNoGvpM0P3bNf3Gq5ZRMlGr5f3r4/N8A=="
    },
    "core-util-is": {
      "version": "1.0.2",
      "resolved": "https://registry.npmjs.org/core-util-is/-/core-util-is-1.0.2.tgz",
      "integrity": "sha1-tf1UIgqivFq1eqtxQMlAdUUDwac="
    },
    "inherits": {
      "version": "2.0.4",
      "resolved": "https://registry.npmjs.org/inherits/-/inherits-2.0.4.tgz",
      "integrity": "sha512-k/vGaX4/Yla3WzyMCvTQOXYeIHvqOKtnqBduzTHpzpQZzAskKMhZ2K+EnBiSM9zGSoIFeMpXKxa4dYeZIQqewQ=="
    },
    "isarray": {
      "version": "1.0.0",
      "resolved": "https://registry.npmjs.org/isarray/-/isarray-1.0.0.tgz",
      "integrity": "sha1-u5NdSFgsuhaMBoNJV6VKPgcSTxE="
    },
    "liqd-event": {
      "version": "1.0.2",
      "resolved": "https://registry.npmjs.org/liqd-event/-/liqd-event-1.0.2.tgz",
      "integrity": "sha512-pTGRU8Gp7XlJWVpUaCHaf9EdZ3eC8Akcrb9fZX0Z6/g/LT+pr1sco/+PQlK1SUIqo4MMrlDQlUOZH9VWU0+UUw=="
    },
    "liqd-sql": {
      "version": "1.6.0",
      "resolved": "https://registry.npmjs.org/liqd-sql/-/liqd-sql-1.6.0.tgz",
      "integrity": "sha512-qRKqbMMz4pb5jSs4STVlJqqJ5ipz4/qrfX7jcqz6p/ebA201CuWswRuK606T57m+ur/HcPxTyO6Y437ah101FA==",
      "requires": {
        "liqd-event": "^1.0.2",
        "liqd-timed-promise": "^1.2.4"
      }
    },
    "liqd-timed-promise": {
      "version": "1.2.4",
      "resolved": "https://registry.npmjs.org/liqd-timed-promise/-/liqd-timed-promise-1.2.4.tgz",
      "integrity": "sha512-umgwv8hEkvQLydFZwR48lZ+/87SA05oiI0FX220qa4LmPxGD3TGrJflbN7ewrSC+69TkZ9nQv5rJhwMoCSz+Ig=="
    },
    "mysql": {
      "version": "2.18.1",
      "resolved": "https://registry.npmjs.org/mysql/-/mysql-2.18.1.tgz",
      "integrity": "sha512-Bca+gk2YWmqp2Uf6k5NFEurwY/0td0cpebAucFpY/3jhrwrVGuxU2uQFCHjU19SJfje0yQvi+rVWdq78hR5lig==",
      "requires": {
        "bignumber.js": "9.0.0",
        "readable-stream": "2.3.7",
        "safe-buffer": "5.1.2",
        "sqlstring": "2.3.1"
      }
    },
    "process-nextick-args": {
      "version": "2.0.1",
      "resolved": "https://registry.npmjs.org/process-nextick-args/-/process-nextick-args-2.0.1.tgz",
      "integrity": "sha512-3ouUOpQhtgrbOa17J7+uxOTpITYWaGP7/AhoR3+A+/1e9skrzelGi/dXzEYyvbxubEF6Wn2ypscTKiKJFFn1ag=="
    },
    "readable-stream": {
      "version": "2.3.7",
      "resolved": "https://registry.npmjs.org/readable-stream/-/readable-stream-2.3.7.tgz",
      "integrity": "sha512-Ebho8K4jIbHAxnuxi7o42OrZgF/ZTNcsZj6nRKyUmkhLFq8CHItp/fy6hQZuZmP/n3yZ9VBUbp4zz/mX8hmYPw==",
      "requires": {
        "core-util-is": "~1.0.0",
        "inherits": "~2.0.3",
        "isarray": "~1.0.0",
        "process-nextick-args": "~2.0.0",
        "safe-buffer": "~5.1.1",
        "string_decoder": "~1.1.1",
        "util-deprecate": "~1.0.1"
      }
    },
    "safe-buffer": {
      "version": "5.1.2",
      "resolved": "https://registry.npmjs.org/safe-buffer/-/safe-buffer-5.1.2.tgz",
      "integrity": "sha512-Gd2UZBJDkXlY7GbJxfsE8/nvKkUEU1G38c1siN6QP6a9PT9MmHB8GnpscSmMJSoF8LOIrt8ud/wPtojys4G6+g=="
    },
    "sqlstring": {
      "version": "2.3.1",
      "resolved": "https://registry.npmjs.org/sqlstring/-/sqlstring-2.3.1.tgz",
      "integrity": "sha1-R1OT/56RR5rqYtyvDKPRSYOn+0A="
    },
    "string_decoder": {
      "version": "1.1.1",
      "resolved": "https://registry.npmjs.org/string_decoder/-/string_decoder-1.1.1.tgz",
      "integrity": "sha512-n/ShnvDi6FHbbVfviro+WojiFzv+s8MPMHBczVePfUpDJLwoLT0ht1l4YwBCbi8pJAveEEdnkHyPyTP/mzRfwg==",
      "requires": {
        "safe-buffer": "~5.1.0"
      }
    },
    "util-deprecate": {
      "version": "1.0.2",
      "resolved": "https://registry.npmjs.org/util-deprecate/-/util-deprecate-1.0.2.tgz",
      "integrity": "sha1-RQ1Nyfpw3nMnYvvS1KKJgUGaDM8="
    }
  }
}
