{
  "name": "@liqd-js/cloud",
  "version": "0.1.1",
  "lockfileVersion": 1,
  "requires": true,
  "dependencies": {
    "@liqd-js/client-jsonrpc": {
      "version": "0.0.3",
      "resolved": "https://registry.npmjs.org/@liqd-js/client-jsonrpc/-/client-jsonrpc-0.0.3.tgz",
      "integrity": "sha512-cYLvf86Qhf9F2NZfnl1Nvx0QNEVAX9ZCoDjmXhnc7H4BItXRca7m1aHFgRZBTMnhaDaIaDAj3Mbr1EX7p0+MIA==",
      "requires": {
        "@liqd-js/options": "^1.0.1",
        "@liqd-js/timed-promise": "^1.0.2",
        "@liqd-js/unique-id": "^1.0.0"
      }
    },
    "@liqd-js/ds-heap": {
      "version": "1.0.1",
      "resolved": "https://registry.npmjs.org/@liqd-js/ds-heap/-/ds-heap-1.0.1.tgz",
      "integrity": "sha512-9vHSLN82P3Np2wrDRQHebrQ6N8hwApAJSKJDXOijXGrlN7v/cv2ej6JZqGoqwb314mPtjQofJ2SJTcKS8YpQig=="
    },
    "@liqd-js/flow": {
      "version": "1.0.2",
      "resolved": "https://registry.npmjs.org/@liqd-js/flow/-/flow-1.0.2.tgz",
      "integrity": "sha512-UFJwx1t+jMAutGacdbELjBrxf4xVFA1+NGMXRyD6so1moj8NfoHxFbO6mjA6XWuDuVGjgCAYZ5PJNoTGpJDyoA=="
    },
    "@liqd-js/multibuffer": {
      "version": "1.0.2",
      "resolved": "https://registry.npmjs.org/@liqd-js/multibuffer/-/multibuffer-1.0.2.tgz",
      "integrity": "sha512-zt4Z7wopxKZABLGQroLs0Jl4+KX6Ll9FNlYCt+cJdEmqZ8wIU6QlqVgtyS7wSDMTDMmG7TPpy6wOCNtHIimAWw=="
    },
    "@liqd-js/options": {
      "version": "1.0.2",
      "resolved": "https://registry.npmjs.org/@liqd-js/options/-/options-1.0.2.tgz",
      "integrity": "sha512-59sUXr5KlTB07SKttRPJC++kCxbxkKyrBWzjhORpCm8k/DJpGC2JpCKBusNpNrRxSDyjimhjavFEhwKja9lHcQ=="
    },
    "@liqd-js/querystring": {
      "version": "1.0.0",
      "resolved": "https://registry.npmjs.org/@liqd-js/querystring/-/querystring-1.0.0.tgz",
      "integrity": "sha512-/K4dx3hB7U0pkkzq8PfJmbywtoGc+ZkXelxwX+tkedbwbaqziEem/3L1LAcp0aFlJROWf20ByYyOlfGyDv5Wlg=="
    },
    "@liqd-js/server": {
      "version": "0.0.1",
      "resolved": "https://registry.npmjs.org/@liqd-js/server/-/server-0.0.1.tgz",
      "integrity": "sha512-6e4M/sgxifad6TiCMb2cDqZFnf8u0FWw4KryoYPWQtME0e+38VWvkNwNc4hllGA6i4HDuI7XKyAJuvAbE9bBqQ==",
      "requires": {
        "@liqd-js/options": "^1.0.2",
        "@liqd-js/querystring": "^1.0.0",
        "@liqd-js/websocket": "^1.0.0"
      },
      "dependencies": {
        "@liqd-js/options": {
          "version": "1.0.2",
          "resolved": "https://registry.npmjs.org/@liqd-js/options/-/options-1.0.2.tgz",
          "integrity": "sha512-59sUXr5KlTB07SKttRPJC++kCxbxkKyrBWzjhORpCm8k/DJpGC2JpCKBusNpNrRxSDyjimhjavFEhwKja9lHcQ=="
        }
      }
    },
    "@liqd-js/timed-promise": {
      "version": "1.0.2",
      "resolved": "https://registry.npmjs.org/@liqd-js/timed-promise/-/timed-promise-1.0.2.tgz",
      "integrity": "sha512-IgqgeMFOJxdmGpKOsruwUtE2D/kMjCOVeiL6/z/q8TZHaWLDzBkMMDTFMknwmZGega8mkLHFM2t4HLGYWCm8Rg=="
    },
    "@liqd-js/timer": {
      "version": "1.0.1",
      "resolved": "https://registry.npmjs.org/@liqd-js/timer/-/timer-1.0.1.tgz",
      "integrity": "sha512-ZefFi4XORbEx7AYZ8ToZ5NfWyMsFwfYUniHrMALHs0A4wauGtiIaVQWlSBxjEm8d9X8vyBizZjmU05zAx8kqqw==",
      "requires": {
        "@liqd-js/ds-heap": "^1.0.1"
      }
    },
    "@liqd-js/unique-id": {
      "version": "1.0.0",
      "resolved": "https://registry.npmjs.org/@liqd-js/unique-id/-/unique-id-1.0.0.tgz",
      "integrity": "sha512-D4G+FVoHqgObN4+p8YMscQOFVOjsJwxVr+SwItAlZsoU+6NKRMEM43MAz11AfC6Cry/ojlbh8GucHiF9SKZGrg==",
      "requires": {
        "@liqd-js/options": "^1.0.1"
      }
    },
    "@liqd-js/websocket": {
      "version": "1.0.0",
      "resolved": "https://registry.npmjs.org/@liqd-js/websocket/-/websocket-1.0.0.tgz",
      "integrity": "sha512-CJFTL/fJtIWrl/uoVSMk1dqjMK9InbcXuXCaeOxLhVTL6Ju+l2L3ejYBC4G5EyGjR70ag0S85sZXXpxaobD9cQ==",
      "requires": {
        "@liqd-js/multibuffer": "^1.0.2",
        "@liqd-js/options": "^1.0.1",
        "@liqd-js/querystring": "^1.0.0",
        "@liqd-js/timer": "^1.0.1"
      }
    }
  }
}
